# THIS IS AN AUTOGENERATED FILE. DO NOT EDIT THIS FILE DIRECTLY.
# yarn lockfile v1


"@babel/code-frame@^7.12.13":
  version "7.12.13"
  resolved "https://registry.yarnpkg.com/@babel/code-frame/-/code-frame-7.12.13.tgz#dcfc826beef65e75c50e21d3837d7d95798dd658"
  integrity sha512-HV1Cm0Q3ZrpCR93tkWOYiuYIgLxZXZFVG2VgK+MBWjUqZTundupbfx2aXarXuw5Ko5aMcjtJgbSs4vUGBS5v6g==
  dependencies:
    "@babel/highlight" "^7.12.13"

"@babel/compat-data@^7.13.15":
  version "7.14.0"
  resolved "https://registry.yarnpkg.com/@babel/compat-data/-/compat-data-7.14.0.tgz#a901128bce2ad02565df95e6ecbf195cf9465919"
  integrity sha512-vu9V3uMM/1o5Hl5OekMUowo3FqXLJSw+s+66nt0fSWVWTtmosdzn45JHOB3cPtZoe6CTBDzvSw0RdOY85Q37+Q==

"@babel/core@^7.12.13":
  version "7.14.0"
  resolved "https://registry.yarnpkg.com/@babel/core/-/core-7.14.0.tgz#47299ff3ec8d111b493f1a9d04bf88c04e728d88"
  integrity sha512-8YqpRig5NmIHlMLw09zMlPTvUVMILjqCOtVgu+TVNWEBvy9b5I3RRyhqnrV4hjgEK7n8P9OqvkWJAFmEL6Wwfw==
  dependencies:
    "@babel/code-frame" "^7.12.13"
    "@babel/generator" "^7.14.0"
    "@babel/helper-compilation-targets" "^7.13.16"
    "@babel/helper-module-transforms" "^7.14.0"
    "@babel/helpers" "^7.14.0"
    "@babel/parser" "^7.14.0"
    "@babel/template" "^7.12.13"
    "@babel/traverse" "^7.14.0"
    "@babel/types" "^7.14.0"
    convert-source-map "^1.7.0"
    debug "^4.1.0"
    gensync "^1.0.0-beta.2"
    json5 "^2.1.2"
    semver "^6.3.0"
    source-map "^0.5.0"

"@babel/generator@^7.14.0":
  version "7.14.1"
  resolved "https://registry.yarnpkg.com/@babel/generator/-/generator-7.14.1.tgz#1f99331babd65700183628da186f36f63d615c93"
  integrity sha512-TMGhsXMXCP/O1WtQmZjpEYDhCYC9vFhayWZPJSZCGkPJgUqX0rF0wwtrYvnzVxIjcF80tkUertXVk5cwqi5cAQ==
  dependencies:
    "@babel/types" "^7.14.1"
    jsesc "^2.5.1"
    source-map "^0.5.0"

"@babel/helper-compilation-targets@^7.13.16":
  version "7.13.16"
  resolved "https://registry.yarnpkg.com/@babel/helper-compilation-targets/-/helper-compilation-targets-7.13.16.tgz#6e91dccf15e3f43e5556dffe32d860109887563c"
  integrity sha512-3gmkYIrpqsLlieFwjkGgLaSHmhnvlAYzZLlYVjlW+QwI+1zE17kGxuJGmIqDQdYp56XdmGeD+Bswx0UTyG18xA==
  dependencies:
    "@babel/compat-data" "^7.13.15"
    "@babel/helper-validator-option" "^7.12.17"
    browserslist "^4.14.5"
    semver "^6.3.0"

"@babel/helper-function-name@^7.12.13":
  version "7.12.13"
  resolved "https://registry.yarnpkg.com/@babel/helper-function-name/-/helper-function-name-7.12.13.tgz#93ad656db3c3c2232559fd7b2c3dbdcbe0eb377a"
  integrity sha512-TZvmPn0UOqmvi5G4vvw0qZTpVptGkB1GL61R6lKvrSdIxGm5Pky7Q3fpKiIkQCAtRCBUwB0PaThlx9vebCDSwA==
  dependencies:
    "@babel/helper-get-function-arity" "^7.12.13"
    "@babel/template" "^7.12.13"
    "@babel/types" "^7.12.13"

"@babel/helper-get-function-arity@^7.12.13":
  version "7.12.13"
  resolved "https://registry.yarnpkg.com/@babel/helper-get-function-arity/-/helper-get-function-arity-7.12.13.tgz#bc63451d403a3b3082b97e1d8b3fe5bd4091e583"
  integrity sha512-DjEVzQNz5LICkzN0REdpD5prGoidvbdYk1BVgRUOINaWJP2t6avB27X1guXK1kXNrX0WMfsrm1A/ZBthYuIMQg==
  dependencies:
    "@babel/types" "^7.12.13"

"@babel/helper-member-expression-to-functions@^7.13.12":
  version "7.13.12"
  resolved "https://registry.yarnpkg.com/@babel/helper-member-expression-to-functions/-/helper-member-expression-to-functions-7.13.12.tgz#dfe368f26d426a07299d8d6513821768216e6d72"
  integrity sha512-48ql1CLL59aKbU94Y88Xgb2VFy7a95ykGRbJJaaVv+LX5U8wFpLfiGXJJGUozsmA1oEh/o5Bp60Voq7ACyA/Sw==
  dependencies:
    "@babel/types" "^7.13.12"

"@babel/helper-module-imports@^7.13.12":
  version "7.13.12"
  resolved "https://registry.yarnpkg.com/@babel/helper-module-imports/-/helper-module-imports-7.13.12.tgz#c6a369a6f3621cb25da014078684da9196b61977"
  integrity sha512-4cVvR2/1B693IuOvSI20xqqa/+bl7lqAMR59R4iu39R9aOX8/JoYY1sFaNvUMyMBGnHdwvJgUrzNLoUZxXypxA==
  dependencies:
    "@babel/types" "^7.13.12"

"@babel/helper-module-transforms@^7.14.0":
  version "7.14.0"
  resolved "https://registry.yarnpkg.com/@babel/helper-module-transforms/-/helper-module-transforms-7.14.0.tgz#8fcf78be220156f22633ee204ea81f73f826a8ad"
  integrity sha512-L40t9bxIuGOfpIGA3HNkJhU9qYrf4y5A5LUSw7rGMSn+pcG8dfJ0g6Zval6YJGd2nEjI7oP00fRdnhLKndx6bw==
  dependencies:
    "@babel/helper-module-imports" "^7.13.12"
    "@babel/helper-replace-supers" "^7.13.12"
    "@babel/helper-simple-access" "^7.13.12"
    "@babel/helper-split-export-declaration" "^7.12.13"
    "@babel/helper-validator-identifier" "^7.14.0"
    "@babel/template" "^7.12.13"
    "@babel/traverse" "^7.14.0"
    "@babel/types" "^7.14.0"

"@babel/helper-optimise-call-expression@^7.12.13":
  version "7.12.13"
  resolved "https://registry.yarnpkg.com/@babel/helper-optimise-call-expression/-/helper-optimise-call-expression-7.12.13.tgz#5c02d171b4c8615b1e7163f888c1c81c30a2aaea"
  integrity sha512-BdWQhoVJkp6nVjB7nkFWcn43dkprYauqtk++Py2eaf/GRDFm5BxRqEIZCiHlZUGAVmtwKcsVL1dC68WmzeFmiA==
  dependencies:
    "@babel/types" "^7.12.13"

"@babel/helper-plugin-utils@^7.12.13":
  version "7.13.0"
  resolved "https://registry.yarnpkg.com/@babel/helper-plugin-utils/-/helper-plugin-utils-7.13.0.tgz#806526ce125aed03373bc416a828321e3a6a33af"
  integrity sha512-ZPafIPSwzUlAoWT8DKs1W2VyF2gOWthGd5NGFMsBcMMol+ZhK+EQY/e6V96poa6PA/Bh+C9plWN0hXO1uB8AfQ==

"@babel/helper-replace-supers@^7.13.12":
  version "7.13.12"
  resolved "https://registry.yarnpkg.com/@babel/helper-replace-supers/-/helper-replace-supers-7.13.12.tgz#6442f4c1ad912502481a564a7386de0c77ff3804"
  integrity sha512-Gz1eiX+4yDO8mT+heB94aLVNCL+rbuT2xy4YfyNqu8F+OI6vMvJK891qGBTqL9Uc8wxEvRW92Id6G7sDen3fFw==
  dependencies:
    "@babel/helper-member-expression-to-functions" "^7.13.12"
    "@babel/helper-optimise-call-expression" "^7.12.13"
    "@babel/traverse" "^7.13.0"
    "@babel/types" "^7.13.12"

"@babel/helper-simple-access@^7.13.12":
  version "7.13.12"
  resolved "https://registry.yarnpkg.com/@babel/helper-simple-access/-/helper-simple-access-7.13.12.tgz#dd6c538afb61819d205a012c31792a39c7a5eaf6"
  integrity sha512-7FEjbrx5SL9cWvXioDbnlYTppcZGuCY6ow3/D5vMggb2Ywgu4dMrpTJX0JdQAIcRRUElOIxF3yEooa9gUb9ZbA==
  dependencies:
    "@babel/types" "^7.13.12"

"@babel/helper-split-export-declaration@^7.12.13":
  version "7.12.13"
  resolved "https://registry.yarnpkg.com/@babel/helper-split-export-declaration/-/helper-split-export-declaration-7.12.13.tgz#e9430be00baf3e88b0e13e6f9d4eaf2136372b05"
  integrity sha512-tCJDltF83htUtXx5NLcaDqRmknv652ZWCHyoTETf1CXYJdPC7nohZohjUgieXhv0hTJdRf2FjDueFehdNucpzg==
  dependencies:
    "@babel/types" "^7.12.13"

"@babel/helper-validator-identifier@^7.14.0":
  version "7.14.0"
  resolved "https://registry.yarnpkg.com/@babel/helper-validator-identifier/-/helper-validator-identifier-7.14.0.tgz#d26cad8a47c65286b15df1547319a5d0bcf27288"
  integrity sha512-V3ts7zMSu5lfiwWDVWzRDGIN+lnCEUdaXgtVHJgLb1rGaA6jMrtB9EmE7L18foXJIE8Un/A/h6NJfGQp/e1J4A==

"@babel/helper-validator-option@^7.12.17":
  version "7.12.17"
  resolved "https://registry.yarnpkg.com/@babel/helper-validator-option/-/helper-validator-option-7.12.17.tgz#d1fbf012e1a79b7eebbfdc6d270baaf8d9eb9831"
  integrity sha512-TopkMDmLzq8ngChwRlyjR6raKD6gMSae4JdYDB8bByKreQgG0RBTuKe9LRxW3wFtUnjxOPRKBDwEH6Mg5KeDfw==

"@babel/helpers@^7.14.0":
  version "7.14.0"
  resolved "https://registry.yarnpkg.com/@babel/helpers/-/helpers-7.14.0.tgz#ea9b6be9478a13d6f961dbb5f36bf75e2f3b8f62"
  integrity sha512-+ufuXprtQ1D1iZTO/K9+EBRn+qPWMJjZSw/S0KlFrxCw4tkrzv9grgpDHkY9MeQTjTY8i2sp7Jep8DfU6tN9Mg==
  dependencies:
    "@babel/template" "^7.12.13"
    "@babel/traverse" "^7.14.0"
    "@babel/types" "^7.14.0"

"@babel/highlight@^7.12.13":
  version "7.14.0"
  resolved "https://registry.yarnpkg.com/@babel/highlight/-/highlight-7.14.0.tgz#3197e375711ef6bf834e67d0daec88e4f46113cf"
  integrity sha512-YSCOwxvTYEIMSGaBQb5kDDsCopDdiUGsqpatp3fOlI4+2HQSkTmEVWnVuySdAC5EWCqSWWTv0ib63RjR7dTBdg==
  dependencies:
    "@babel/helper-validator-identifier" "^7.14.0"
    chalk "^2.0.0"
    js-tokens "^4.0.0"

"@babel/parser@^7.12.13", "@babel/parser@^7.14.0":
  version "7.14.1"
  resolved "https://registry.yarnpkg.com/@babel/parser/-/parser-7.14.1.tgz#1bd644b5db3f5797c4479d89ec1817fe02b84c47"
  integrity sha512-muUGEKu8E/ftMTPlNp+mc6zL3E9zKWmF5sDHZ5MSsoTP9Wyz64AhEf9kD08xYJ7w6Hdcu8H550ircnPyWSIF0Q==

"@babel/plugin-transform-react-jsx-self@^7.12.13":
  version "7.12.13"
  resolved "https://registry.yarnpkg.com/@babel/plugin-transform-react-jsx-self/-/plugin-transform-react-jsx-self-7.12.13.tgz#422d99d122d592acab9c35ea22a6cfd9bf189f60"
  integrity sha512-FXYw98TTJ125GVCCkFLZXlZ1qGcsYqNQhVBQcZjyrwf8FEUtVfKIoidnO8S0q+KBQpDYNTmiGo1gn67Vti04lQ==
  dependencies:
    "@babel/helper-plugin-utils" "^7.12.13"

"@babel/plugin-transform-react-jsx-source@^7.12.13":
  version "7.12.13"
  resolved "https://registry.yarnpkg.com/@babel/plugin-transform-react-jsx-source/-/plugin-transform-react-jsx-source-7.12.13.tgz#051d76126bee5c9a6aa3ba37be2f6c1698856bcb"
  integrity sha512-O5JJi6fyfih0WfDgIJXksSPhGP/G0fQpfxYy87sDc+1sFmsCS6wr3aAn+whbzkhbjtq4VMqLRaSzR6IsshIC0Q==
  dependencies:
    "@babel/helper-plugin-utils" "^7.12.13"

"@babel/template@^7.12.13":
  version "7.12.13"
  resolved "https://registry.yarnpkg.com/@babel/template/-/template-7.12.13.tgz#530265be8a2589dbb37523844c5bcb55947fb327"
  integrity sha512-/7xxiGA57xMo/P2GVvdEumr8ONhFOhfgq2ihK3h1e6THqzTAkHbkXgB0xI9yeTfIUoH3+oAeHhqm/I43OTbbjA==
  dependencies:
    "@babel/code-frame" "^7.12.13"
    "@babel/parser" "^7.12.13"
    "@babel/types" "^7.12.13"

"@babel/traverse@^7.13.0", "@babel/traverse@^7.14.0":
  version "7.14.0"
  resolved "https://registry.yarnpkg.com/@babel/traverse/-/traverse-7.14.0.tgz#cea0dc8ae7e2b1dec65f512f39f3483e8cc95aef"
  integrity sha512-dZ/a371EE5XNhTHomvtuLTUyx6UEoJmYX+DT5zBCQN3McHemsuIaKKYqsc/fs26BEkHs/lBZy0J571LP5z9kQA==
  dependencies:
    "@babel/code-frame" "^7.12.13"
    "@babel/generator" "^7.14.0"
    "@babel/helper-function-name" "^7.12.13"
    "@babel/helper-split-export-declaration" "^7.12.13"
    "@babel/parser" "^7.14.0"
    "@babel/types" "^7.14.0"
    debug "^4.1.0"
    globals "^11.1.0"

"@babel/types@^7.12.13", "@babel/types@^7.13.12", "@babel/types@^7.14.0", "@babel/types@^7.14.1":
  version "7.14.1"
  resolved "https://registry.yarnpkg.com/@babel/types/-/types-7.14.1.tgz#095bd12f1c08ab63eff6e8f7745fa7c9cc15a9db"
  integrity sha512-S13Qe85fzLs3gYRUnrpyeIrBJIMYv33qSTg1qoBwiG6nPKwUWAD9odSzWhEedpwOIzSEI6gbdQIWEMiCI42iBA==
  dependencies:
    "@babel/helper-validator-identifier" "^7.14.0"
    to-fast-properties "^2.0.0"

"@fower/atom@^1.12.1":
  version "1.12.1"
  resolved "https://registry.yarnpkg.com/@fower/atom/-/atom-1.12.1.tgz#7d463a022348105b0a68f512709cc79f78bb4e53"
  integrity sha512-fY1aUW1EnKBmj/CK6uPop3cLP7Nt9IHLJNEkJku1fn9Awk+Oa0omCAxPDzpZBcGMaGxdLYc32bUksAfytcgabw==
  dependencies:
    string-hash "^1.1.3"

"@fower/color-helper@^1.12.1":
  version "1.12.1"
  resolved "https://registry.yarnpkg.com/@fower/color-helper/-/color-helper-1.12.1.tgz#d1f3c6590f462629589a926fceb596362c61c1dd"
  integrity sha512-M+lHVRk9KFC6Ah04cpng7qa5ScedaLAIAWYi+zJp9R8SGL50BHY9p2IUa10Kjx1h8FdVp5GVJ6yKJVSryEas5w==

"@fower/colors@^1.12.1":
  version "1.12.1"
  resolved "https://registry.yarnpkg.com/@fower/colors/-/colors-1.12.1.tgz#2e2ad5ce8992507ddc2aa6caeafdaa38d0ea6e47"
  integrity sha512-LPXgOYrUw91KWy4lZW2MAYKBcv1Ts7663oJvGgU1ZSYawa6YBwCdjUi/4VapJecOl3FeoRAg8KNzKGm0YR5TnQ==
  dependencies:
    "@fower/types" "^1.12.1"

"@fower/core@^1.12.1":
  version "1.12.1"
  resolved "https://registry.yarnpkg.com/@fower/core/-/core-1.12.1.tgz#929d0cb481d0d8fcebfd1de4006171753e7b065d"
  integrity sha512-KMsZVVm3AfK8TXfwzZXiKU+lvv/KF5xT2p/8k/RP3TvzNCBhIs/4NReW9E237hADzOu7s7iH1T4Yj2b5t2fXkQ==
  dependencies:
    "@fower/atom" "^1.12.1"
    "@fower/css-object-processor" "^1.12.1"
    "@fower/parser" "^1.12.1"
    "@fower/sheet" "^1.12.1"
    "@fower/store" "^1.12.1"
    "@fower/types" "^1.12.1"
    "@fower/utils" "^1.12.1"

"@fower/css-object-processor@^1.12.1":
  version "1.12.1"
  resolved "https://registry.yarnpkg.com/@fower/css-object-processor/-/css-object-processor-1.12.1.tgz#bfb1c1e1684b89b4fdb217f4116cf3bf5480495c"
  integrity sha512-ItpyeYopuYcOTQ2g+eUjjblGft70mE110WcyQhErxL79rhAL8+uYN6ingS00Nx6RduMAhNYci852HyPnCyS81g==
  dependencies:
    "@fower/utils" "^1.12.1"
    csstype "^3.0.7"

"@fower/parser@^1.12.1":
  version "1.12.1"
  resolved "https://registry.yarnpkg.com/@fower/parser/-/parser-1.12.1.tgz#ee5e803aa3cee4e028299dc9d12749171995ca4d"
  integrity sha512-9o3EKBmLuos2pVN5V6jfF+8VEOtWW90u4b8W3GUvm/KWrgi4WSHk+/ILY66s8NThyjjasJS0V2F1xUGZZgPJSQ==
  dependencies:
    "@fower/atom" "^1.12.1"
    "@fower/css-object-processor" "^1.12.1"
    "@fower/sheet" "^1.12.1"
    "@fower/store" "^1.12.1"
    "@fower/utils" "^1.12.1"

"@fower/preset-web@^1.12.1":
  version "1.12.1"
  resolved "https://registry.yarnpkg.com/@fower/preset-web/-/preset-web-1.12.1.tgz#a8e725ff2ed85279c0dd2c8d53df2a80e4f8ec02"
  integrity sha512-MJOWQte6avBBIsKAS/M/3diCratMQzZUE7+aih+1EEDEAnut6nax/n0qihrBOAmK5F6eYeSUWEUe1txbOb6WIA==
  dependencies:
    "@fower/colors" "^1.12.1"
    "@fower/types" "^1.12.1"
    fower-plugin-appearance "^1.12.1"
    fower-plugin-background "^1.12.1"
    fower-plugin-border "^1.12.1"
    fower-plugin-box-alignment "^1.12.1"
    fower-plugin-box-sizing "^1.12.1"
    fower-plugin-color "^1.12.1"
    fower-plugin-cursor "^1.12.1"
    fower-plugin-debug "^1.12.1"
    fower-plugin-display "^1.12.1"
    fower-plugin-ellipsis "^1.12.1"
    fower-plugin-flexbox "^1.12.1"
    fower-plugin-font-family "^1.12.1"
    fower-plugin-font-style "^1.12.1"
    fower-plugin-font-weight "^1.12.1"
    fower-plugin-grid "^1.12.1"
    fower-plugin-layout "^1.12.1"
    fower-plugin-line-height "^1.12.1"
    fower-plugin-list "^1.12.1"
    fower-plugin-margin "^1.12.1"
    fower-plugin-opacity "^1.12.1"
    fower-plugin-outline "^1.12.1"
    fower-plugin-overflow "^1.12.1"
    fower-plugin-padding "^1.12.1"
    fower-plugin-position "^1.12.1"
    fower-plugin-rounded "^1.12.1"
    fower-plugin-shadow "^1.12.1"
    fower-plugin-size "^1.12.1"
    fower-plugin-space "^1.12.1"
    fower-plugin-text-align "^1.12.1"
    fower-plugin-text-decoration "^1.12.1"
    fower-plugin-text-overflow "^1.12.1"
    fower-plugin-text-size "^1.12.1"
    fower-plugin-text-transform "^1.12.1"
    fower-plugin-user-select "^1.12.1"
    fower-plugin-visibility "^1.12.1"
    fower-plugin-z-index "^1.12.1"

"@fower/react@^1.12.1":
  version "1.12.1"
  resolved "https://registry.yarnpkg.com/@fower/react/-/react-1.12.1.tgz#7e9d501c057c1f47324493f962e26cf3358fb600"
  integrity sha512-nnzeGp21fl22Y6Rz+nB/NYYWUsSbdSDeqpTUEBIYIVlAmTrF7yLUgUQfbSNK2QrVO7Ls11eccIUb4y9AabhPUg==
  dependencies:
    "@fower/core" "^1.12.1"
    "@fower/css-object-processor" "^1.12.1"
    "@fower/parser" "^1.12.1"
    "@fower/preset-web" "^1.12.1"
    "@fower/sheet" "^1.12.1"
    "@fower/store" "^1.12.1"
    "@fower/styled" "^1.12.1"
    "@fower/types" "^1.12.1"
    "@fower/utils" "^1.12.1"

"@fower/sheet@^1.12.1":
  version "1.12.1"
  resolved "https://registry.yarnpkg.com/@fower/sheet/-/sheet-1.12.1.tgz#9df5a6a80509b5d26c94aae67e6ab18df6e2f3d4"
  integrity sha512-eLLHeENBlI5Oq2+GU7E7fjMZZ3XXcwH154vFXCn6Zs2jE9HTT3U3YAlQrAMKzwOHADI8rD3Rfs96OZuyWjjg3g==
  dependencies:
    "@fower/utils" "^1.12.1"

"@fower/store@^1.12.1":
  version "1.12.1"
  resolved "https://registry.yarnpkg.com/@fower/store/-/store-1.12.1.tgz#0f28d5c221d5061229d856e391f157f5d4a841ff"
  integrity sha512-g/uSupSVpmA84pLWWaL/gzzxc1Lt0lI9FmPt5jinAqg+S6wXxqZfY+qkGNfVs2dwVT/k9dsyHa2CFB2ZGN3EIg==
  dependencies:
    "@fower/types" "^1.12.1"
    deepmerge "^4.2.2"

"@fower/styled@^1.12.1":
  version "1.12.1"
  resolved "https://registry.yarnpkg.com/@fower/styled/-/styled-1.12.1.tgz#98aa93e699841173ae49a698ec488d08e340ed87"
  integrity sha512-chDRj/b+cEBmX2ER3C17xTbWCXyexiK2NCXOTyAcGzb+EJhCI8avPxB0AtF+AN2a2AKqlcV2sEpBwiixI3yA1g==
  dependencies:
    "@fower/core" "^1.12.1"
    "@fower/store" "^1.12.1"
    "@fower/types" "^1.12.1"
    "@fower/utils" "^1.12.1"
    hoist-non-react-statics "^3.3.2"

"@fower/types@^1.12.1":
  version "1.12.1"
  resolved "https://registry.yarnpkg.com/@fower/types/-/types-1.12.1.tgz#f79d16354d345284b5da284911644e247bfa45c3"
  integrity sha512-lWBPLD5HSEskj7HKfuVuaBK51yUZRtte9qZXv7rT5aOIrZHG1vsdpQ4g0GYsA1ojYhxL0msWDLLMAOdKY27kDA==
  dependencies:
    "@fower/atom" "^1.12.1"
    csstype "^3.0.7"

"@fower/utils@^1.12.1":
  version "1.12.1"
  resolved "https://registry.yarnpkg.com/@fower/utils/-/utils-1.12.1.tgz#f1b1c895694412b375e8c18b7c8c99010955af31"
  integrity sha512-Vfr4qermiNs8O1EDyCBc8vybncr84qEwg5mr4MMCuXYS1vpI4Ne+ujJet8MFQljT+NMj/zANhyxqjzjF0k8qZg==
  dependencies:
    "@types/string-hash" "^1.1.1"
    string-hash "^1.1.3"

"@types/prop-types@*":
  version "15.7.3"
  resolved "https://registry.yarnpkg.com/@types/prop-types/-/prop-types-15.7.3.tgz#2ab0d5da2e5815f94b0b9d4b95d1e5f243ab2ca7"
  integrity sha512-KfRL3PuHmqQLOG+2tGpRO26Ctg+Cq1E01D2DMriKEATHgWLfeNDmq9e29Q9WIky0dQ3NPkd1mzYH8Lm936Z9qw==

"@types/react-dom@^17.0.0":
  version "17.0.4"
  resolved "https://registry.yarnpkg.com/@types/react-dom/-/react-dom-17.0.4.tgz#d65159a847aca2a0fc87a7544a2f8fece8754d04"
  integrity sha512-Wb6rlnPJfqbhpkvYN39y1NM/pOGGPzzIRquu0RdUMvTwgXNvASFO7pdtrtvyxGTQNb9wzBaQxXAWDdEqegZw2A==
  dependencies:
    "@types/react" "*"

"@types/react@*", "@types/react@^17.0.0":
  version "17.0.5"
  resolved "https://registry.yarnpkg.com/@types/react/-/react-17.0.5.tgz#3d887570c4489011f75a3fc8f965bf87d09a1bea"
  integrity sha512-bj4biDB9ZJmGAYTWSKJly6bMr4BLUiBrx9ujiJEoP9XIDY9CTaPGxE5QWN/1WjpPLzYF7/jRNnV2nNxNe970sw==
  dependencies:
    "@types/prop-types" "*"
    "@types/scheduler" "*"
    csstype "^3.0.2"

"@types/scheduler@*":
  version "0.16.1"
  resolved "https://registry.yarnpkg.com/@types/scheduler/-/scheduler-0.16.1.tgz#18845205e86ff0038517aab7a18a62a6b9f71275"
  integrity sha512-EaCxbanVeyxDRTQBkdLb3Bvl/HK7PBK6UJjsSixB0iHKoWxE5uu2Q/DgtpOhPIojN0Zl1whvOd7PoHs2P0s5eA==

"@types/string-hash@^1.1.1":
  version "1.1.1"
  resolved "https://registry.yarnpkg.com/@types/string-hash/-/string-hash-1.1.1.tgz#4c336e61d1e13ce2d3efaaa5910005fd080e106b"
  integrity sha512-ijt3zdHi2DmZxQpQTmozXszzDo78V4R3EdvX0jFMfnMH2ZzQSmCbaWOMPGXFUYSzSIdStv78HDjg32m5dxc+tA==

"@vitejs/plugin-react-refresh@^1.3.1":
  version "1.3.3"
  resolved "https://registry.yarnpkg.com/@vitejs/plugin-react-refresh/-/plugin-react-refresh-1.3.3.tgz#d5afb3e0463f368a8afadfdd7305fe5c5fe78a6a"
  integrity sha512-J3KFwSQKrEK7fgOwTx0PMTlsolZORUch6BswjsM50q+Y7zSvX1ROIRn+tK2VE8SCvbYRHtzEKFlYW3vsWyTosQ==
  dependencies:
    "@babel/core" "^7.12.13"
    "@babel/plugin-transform-react-jsx-self" "^7.12.13"
    "@babel/plugin-transform-react-jsx-source" "^7.12.13"
    react-refresh "^0.9.0"

ansi-styles@^3.2.1:
  version "3.2.1"
  resolved "https://registry.yarnpkg.com/ansi-styles/-/ansi-styles-3.2.1.tgz#41fbb20243e50b12be0f04b8dedbf07520ce841d"
  integrity sha512-VT0ZI6kZRdTh8YyJw3SMbYm/u+NqfsAxEpWO0Pf9sq8/e94WxxOpPKx9FR1FlyCtOVDNOQ+8ntlqFxiRc+r5qA==
  dependencies:
    color-convert "^1.9.0"

browserslist@^4.14.5:
  version "4.16.6"
  resolved "https://registry.yarnpkg.com/browserslist/-/browserslist-4.16.6.tgz#d7901277a5a88e554ed305b183ec9b0c08f66fa2"
  integrity sha512-Wspk/PqO+4W9qp5iUTJsa1B/QrYn1keNCcEP5OvP7WBwT4KaDly0uONYmC6Xa3Z5IqnUgS0KcgLYu1l74x0ZXQ==
  dependencies:
    caniuse-lite "^1.0.30001219"
    colorette "^1.2.2"
    electron-to-chromium "^1.3.723"
    escalade "^3.1.1"
    node-releases "^1.1.71"

caniuse-lite@^1.0.30001219:
  version "1.0.30001228"
  resolved "https://registry.yarnpkg.com/caniuse-lite/-/caniuse-lite-1.0.30001228.tgz#bfdc5942cd3326fa51ee0b42fbef4da9d492a7fa"
  integrity sha512-QQmLOGJ3DEgokHbMSA8cj2a+geXqmnpyOFT0lhQV6P3/YOJvGDEwoedcwxEQ30gJIwIIunHIicunJ2rzK5gB2A==

chalk@^2.0.0:
  version "2.4.2"
  resolved "https://registry.yarnpkg.com/chalk/-/chalk-2.4.2.tgz#cd42541677a54333cf541a49108c1432b44c9424"
  integrity sha512-Mti+f9lpJNcwF4tWV8/OrTTtF1gZi+f8FqlyAdouralcFWFQWF2+NgCHShjkCb+IFBLq9buZwE1xckQU4peSuQ==
  dependencies:
    ansi-styles "^3.2.1"
    escape-string-regexp "^1.0.5"
    supports-color "^5.3.0"

color-convert@^1.9.0:
  version "1.9.3"
  resolved "https://registry.yarnpkg.com/color-convert/-/color-convert-1.9.3.tgz#bb71850690e1f136567de629d2d5471deda4c1e8"
  integrity sha512-QfAUtd+vFdAtFQcC8CCyYt1fYWxSqAiK2cSD6zDB8N3cpsEBAvRxp9zOGg6G/SHHJYAT88/az/IuDGALsNVbGg==
  dependencies:
    color-name "1.1.3"

color-name@1.1.3:
  version "1.1.3"
  resolved "https://registry.yarnpkg.com/color-name/-/color-name-1.1.3.tgz#a7d0558bd89c42f795dd42328f740831ca53bc25"
  integrity sha1-p9BVi9icQveV3UIyj3QIMcpTvCU=

colorette@^1.2.2:
  version "1.2.2"
  resolved "https://registry.yarnpkg.com/colorette/-/colorette-1.2.2.tgz#cbcc79d5e99caea2dbf10eb3a26fd8b3e6acfa94"
  integrity sha512-MKGMzyfeuutC/ZJ1cba9NqcNpfeqMUcYmyF1ZFY6/Cn7CNSAKx6a+s48sqLqyAiZuaP2TcqMhoo+dlwFnVxT9w==

convert-source-map@^1.7.0:
  version "1.7.0"
  resolved "https://registry.yarnpkg.com/convert-source-map/-/convert-source-map-1.7.0.tgz#17a2cb882d7f77d3490585e2ce6c524424a3a442"
  integrity sha512-4FJkXzKXEDB1snCFZlLP4gpC3JILicCpGbzG9f9G7tGqGCzETQ2hWPrcinA9oU4wtf2biUaEH5065UnMeR33oA==
  dependencies:
    safe-buffer "~5.1.1"

csstype@^3.0.2, csstype@^3.0.7:
  version "3.0.8"
  resolved "https://registry.yarnpkg.com/csstype/-/csstype-3.0.8.tgz#d2266a792729fb227cd216fb572f43728e1ad340"
  integrity sha512-jXKhWqXPmlUeoQnF/EhTtTl4C9SnrxSH/jZUih3jmO6lBKr99rP3/+FmrMj4EFpOXzMtXHAZkd3x0E6h6Fgflw==

debug@^4.1.0:
  version "4.3.1"
  resolved "https://registry.yarnpkg.com/debug/-/debug-4.3.1.tgz#f0d229c505e0c6d8c49ac553d1b13dc183f6b2ee"
  integrity sha512-doEwdvm4PCeK4K3RQN2ZC2BYUBaxwLARCqZmMjtF8a51J2Rb0xpVloFRnCODwqjpwnAoao4pelN8l3RJdv3gRQ==
  dependencies:
    ms "2.1.2"

deepmerge@^4.2.2:
  version "4.2.2"
  resolved "https://registry.yarnpkg.com/deepmerge/-/deepmerge-4.2.2.tgz#44d2ea3679b8f4d4ffba33f03d865fc1e7bf4955"
  integrity sha512-FJ3UgI4gIl+PHZm53knsuSFpE+nESMr7M4v9QcgB7S63Kj/6WqMiFQJpBBYz1Pt+66bZpP3Q7Lye0Oo9MPKEdg==

electron-to-chromium@^1.3.723:
  version "1.3.727"
  resolved "https://registry.yarnpkg.com/electron-to-chromium/-/electron-to-chromium-1.3.727.tgz#857e310ca00f0b75da4e1db6ff0e073cc4a91ddf"
  integrity sha512-Mfz4FIB4FSvEwBpDfdipRIrwd6uo8gUDoRDF4QEYb4h4tSuI3ov594OrjU6on042UlFHouIJpClDODGkPcBSbg==

esbuild@^0.11.19:
  version "0.11.20"
  resolved "https://registry.yarnpkg.com/esbuild/-/esbuild-0.11.20.tgz#7cefa1aee8b372c184e42457885f7ce5d3e62a1e"
  integrity sha512-QOZrVpN/Yz74xfat0H6euSgn3RnwLevY1mJTEXneukz1ln9qB+ieaerRMzSeETpz/UJWsBMzRVR/andBht5WKw==

escalade@^3.1.1:
  version "3.1.1"
  resolved "https://registry.yarnpkg.com/escalade/-/escalade-3.1.1.tgz#d8cfdc7000965c5a0174b4a82eaa5c0552742e40"
  integrity sha512-k0er2gUkLf8O0zKJiAhmkTnJlTvINGv7ygDNPbeIsX/TJjGJZHuh9B2UxbsaEkmlEo9MfhrSzmhIlhRlI2GXnw==

escape-string-regexp@^1.0.5:
  version "1.0.5"
  resolved "https://registry.yarnpkg.com/escape-string-regexp/-/escape-string-regexp-1.0.5.tgz#1b61c0562190a8dff6ae3bb2cf0200ca130b86d4"
  integrity sha1-G2HAViGQqN/2rjuyzwIAyhMLhtQ=

fower-plugin-appearance@^1.12.1:
  version "1.12.1"
  resolved "https://registry.yarnpkg.com/fower-plugin-appearance/-/fower-plugin-appearance-1.12.1.tgz#65c80540f8e5eb51f18be5e43d5c481f7ca6c4e8"
  integrity sha512-6zVq5citUAXunMY5RJh7GQDpqUkx6AnmN/18DSjfCQ3C0H5rIT1Awp+hNcIcxFSI9obPf/rG7ohjy4WGT0BDuw==
  dependencies:
    "@fower/atom" "^1.12.1"
    "@fower/parser" "^1.12.1"
    "@fower/types" "^1.12.1"
    "@fower/utils" "^1.12.1"

fower-plugin-background@^1.12.1:
  version "1.12.1"
  resolved "https://registry.yarnpkg.com/fower-plugin-background/-/fower-plugin-background-1.12.1.tgz#b3381b8cad65b235fd3b59e8436ee926cd8cf9fb"
  integrity sha512-qPMV9hw9p27jGrHfyYv90W7BqHJA/Z4X/WYhve/GyxDDbTK40C149JgoLJeaA86W20jh2larBIjbeR3epRk00Q==
  dependencies:
    "@fower/atom" "^1.12.1"
    "@fower/parser" "^1.12.1"
    "@fower/types" "^1.12.1"
    "@fower/utils" "^1.12.1"

fower-plugin-border@^1.12.1:
  version "1.12.1"
  resolved "https://registry.yarnpkg.com/fower-plugin-border/-/fower-plugin-border-1.12.1.tgz#d172c47a0860d63d382f46a12ebd287acfb4eead"
  integrity sha512-4zBHF10MUyFLPcVaksWTcPn2jxH7f3HDVCPAZ0Ob8aGPXby3cvad4TQNuUTAmtpreMtD4Y/BkMq7SCnjg7PxEQ==
  dependencies:
    "@fower/atom" "^1.12.1"
    "@fower/color-helper" "^1.12.1"
    "@fower/core" "^1.12.1"
    "@fower/store" "^1.12.1"
    "@fower/types" "^1.12.1"
    "@fower/utils" "^1.12.1"

fower-plugin-box-alignment@^1.12.1:
  version "1.12.1"
  resolved "https://registry.yarnpkg.com/fower-plugin-box-alignment/-/fower-plugin-box-alignment-1.12.1.tgz#fdd40a9f4e1d3960410057f4ba987736e68a2a86"
  integrity sha512-RNXFFitKjmsYnC2afIQr6x5Cnjcoc3EOWlibhToQgp0YDercmpkrDjqfFCbzE24d5bkA+UKEQ7ctjWiNlc9TNQ==
  dependencies:
    "@fower/atom" "^1.12.1"
    "@fower/parser" "^1.12.1"
    "@fower/types" "^1.12.1"
    "@fower/utils" "^1.12.1"

fower-plugin-box-sizing@^1.12.1:
  version "1.12.1"
  resolved "https://registry.yarnpkg.com/fower-plugin-box-sizing/-/fower-plugin-box-sizing-1.12.1.tgz#e2b49fc17cfd55ffdc77d061fccc1cf8c3de1e74"
  integrity sha512-OER8qBTYM9j7rbBq5guGtrRm99ylUxXOUXbcftjjDl1iYPwUsFJk9prFTiX/vUm5Y3PiWQOI43L4OYT8To4PtA==
  dependencies:
    "@fower/atom" "^1.12.1"
    "@fower/core" "^1.12.1"
    "@fower/parser" "^1.12.1"
    "@fower/types" "^1.12.1"
    "@fower/utils" "^1.12.1"
    csstype "^3.0.7"

fower-plugin-color@^1.12.1:
  version "1.12.1"
  resolved "https://registry.yarnpkg.com/fower-plugin-color/-/fower-plugin-color-1.12.1.tgz#691c9b1b26262b2e7d01ab6ee83ee09070aa4deb"
  integrity sha512-EWoC6GhwrkzuOVAF4IRHwm6DKJjUnMiN0MAE50CAZrca3A6O5X+fM8qS50SK/Z9p4dVXDyvY1/WoRHgzC0r1NQ==
  dependencies:
    "@fower/atom" "^1.12.1"
    "@fower/color-helper" "^1.12.1"
    "@fower/core" "^1.12.1"
    "@fower/parser" "^1.12.1"
    "@fower/store" "^1.12.1"
    "@fower/types" "^1.12.1"
    "@fower/utils" "^1.12.1"

fower-plugin-cursor@^1.12.1:
  version "1.12.1"
  resolved "https://registry.yarnpkg.com/fower-plugin-cursor/-/fower-plugin-cursor-1.12.1.tgz#3ce9efb2dbdbcac19326771f4b324ea0e582f071"
  integrity sha512-2B2Ax1V3/9flZUt4v+OOCLwgDtgwo4wb2sXcLm9GexI2PHkyM6MWqjAq57HAehhxO51QmWOHvkCMKp9TdcL07w==
  dependencies:
    "@fower/atom" "^1.12.1"
    "@fower/parser" "^1.12.1"
    "@fower/types" "^1.12.1"
    "@fower/utils" "^1.12.1"

fower-plugin-debug@^1.12.1:
  version "1.12.1"
  resolved "https://registry.yarnpkg.com/fower-plugin-debug/-/fower-plugin-debug-1.12.1.tgz#8ba5bd3ec39e65c1996b940d142d49c2927c3844"
  integrity sha512-6W5i1WzhjtiP5fHFlkZQc/06qTPs9SMCuZA8b3iEOoNCi/OBgyz1HgkIsgnYy+Jfsp7P0yDVxHFLQWoNMDgUWw==
  dependencies:
    "@fower/atom" "^1.12.1"
    "@fower/core" "^1.12.1"
    "@fower/parser" "^1.12.1"
    "@fower/types" "^1.12.1"
    "@fower/utils" "^1.12.1"

fower-plugin-display@^1.12.1:
  version "1.12.1"
  resolved "https://registry.yarnpkg.com/fower-plugin-display/-/fower-plugin-display-1.12.1.tgz#45831952d5cba257acb830688d759b637e15eb6f"
  integrity sha512-VoiRx7w03NhWHcNUhNlfWJoHM/w4gGpfLW43uzf5h+BdjCZpvn9T8f5C33Z5W666rKkB7Ihn4zmwz0sz4VQYMw==
  dependencies:
    "@fower/atom" "^1.12.1"
    "@fower/parser" "^1.12.1"
    "@fower/types" "^1.12.1"
    "@fower/utils" "^1.12.1"

fower-plugin-ellipsis@^1.12.1:
  version "1.12.1"
  resolved "https://registry.yarnpkg.com/fower-plugin-ellipsis/-/fower-plugin-ellipsis-1.12.1.tgz#240e26ef80286bde24c76658e17aabca4e763a49"
  integrity sha512-/fk9wZg0O/HqOlX9yUNPf7d7U8QOGJsmuFQiuMoZf5MC63qSuZFez7w2oRefr9Q8CL/hqbq6kau5lQj0uJjcCA==
  dependencies:
    "@fower/atom" "^1.12.1"
    "@fower/core" "^1.12.1"
    "@fower/parser" "^1.12.1"
    "@fower/types" "^1.12.1"
    "@fower/utils" "^1.12.1"

fower-plugin-flexbox@^1.12.1:
  version "1.12.1"
  resolved "https://registry.yarnpkg.com/fower-plugin-flexbox/-/fower-plugin-flexbox-1.12.1.tgz#728f83a0e1f0694320e71ff73e0bcdc5692469a9"
  integrity sha512-tOsvuatvpD/TlgSy1lHg9BxzvVNyBvwDNV6pqT3adOVUkQ8ru037HqCxabyn14LS62bFKuEAtk5/QmxFRdxG+g==
  dependencies:
    "@fower/atom" "^1.12.1"
    "@fower/types" "^1.12.1"
    "@fower/utils" "^1.12.1"

fower-plugin-font-family@^1.12.1:
  version "1.12.1"
  resolved "https://registry.yarnpkg.com/fower-plugin-font-family/-/fower-plugin-font-family-1.12.1.tgz#9ec12f42d7843a45445be3ff21fbcaa1a0814345"
  integrity sha512-UAUuvPiccpLoJkTQY+pv5cS3KZ+jr5HJxO4afVZayoAxF74lRgCqXGxJlPrpkxrWW240p/TnpcT5PHcJT8YgaQ==
  dependencies:
    "@fower/atom" "^1.12.1"
    "@fower/core" "^1.12.1"
    "@fower/store" "^1.12.1"
    "@fower/types" "^1.12.1"
    "@fower/utils" "^1.12.1"

fower-plugin-font-style@^1.12.1:
  version "1.12.1"
  resolved "https://registry.yarnpkg.com/fower-plugin-font-style/-/fower-plugin-font-style-1.12.1.tgz#12c8cce4ea2e1cc8d938a7a9f3c195bfa6fec1c3"
  integrity sha512-tWtIV0U5rjBeevRR+mwqRxd2KOWQ6/1MAkcveECW3Zk25H1jyLZXflqQ6iEXrZzltkUmC9NPnu7edFzA3jhtSQ==
  dependencies:
    "@fower/atom" "^1.12.1"
    "@fower/core" "^1.12.1"
    "@fower/store" "^1.12.1"
    "@fower/types" "^1.12.1"
    "@fower/utils" "^1.12.1"

fower-plugin-font-weight@^1.12.1:
  version "1.12.1"
  resolved "https://registry.yarnpkg.com/fower-plugin-font-weight/-/fower-plugin-font-weight-1.12.1.tgz#746192024296c8f72de06997901605512dead63b"
  integrity sha512-FDKfLS2WwQec44Khc2aTbCwf7pcM+oTbk5TmYS6lrixUMEeTO5IbZRrLcSJBN/ULiJhP8ruPaLm3fLjymhHlqQ==
  dependencies:
    "@fower/atom" "^1.12.1"
    "@fower/core" "^1.12.1"
    "@fower/store" "^1.12.1"
    "@fower/types" "^1.12.1"
    "@fower/utils" "^1.12.1"

fower-plugin-grid@^1.12.1:
  version "1.12.1"
  resolved "https://registry.yarnpkg.com/fower-plugin-grid/-/fower-plugin-grid-1.12.1.tgz#62aa0313870aff9e063185c46be19bc33776585a"
  integrity sha512-6bXaxmm0HLX5vaxkiBY5xAZOQTiAVTDzydrJ5Zav9Z8pY3LR6M0+AIbtq6P4kMllE5KeprG5br2YdYXvIDLWLQ==
  dependencies:
    "@fower/atom" "^1.12.1"
    "@fower/core" "^1.12.1"
    "@fower/parser" "^1.12.1"
    "@fower/types" "^1.12.1"
    "@fower/utils" "^1.12.1"

fower-plugin-layout@^1.12.1:
  version "1.12.1"
  resolved "https://registry.yarnpkg.com/fower-plugin-layout/-/fower-plugin-layout-1.12.1.tgz#6e41b33cd1a4d8958cc8284eade6b85a4982e762"
  integrity sha512-TX08qFyKeCKb3h5VHE3kattzhSjk3FJfQZAfzLSYCtRDX4Bn5hAkKTZYPtQYq92DWroty2zq+ziijhUb1V507g==
  dependencies:
    "@fower/atom" "^1.12.1"
    "@fower/parser" "^1.12.1"
    "@fower/types" "^1.12.1"
    "@fower/utils" "^1.12.1"

fower-plugin-line-height@^1.12.1:
  version "1.12.1"
  resolved "https://registry.yarnpkg.com/fower-plugin-line-height/-/fower-plugin-line-height-1.12.1.tgz#432bae491910a7c93b17d0cb065c2e1d803b1b2d"
  integrity sha512-gnDezW04ewhzj2h1DTQYvANpuZSh03j8zUee9cVdnv4b3dNErIJs2JyPrW3OjZ6RMLdOIOC+DSNTie9mgyhP8w==
  dependencies:
    "@fower/atom" "^1.12.1"
    "@fower/core" "^1.12.1"
    "@fower/store" "^1.12.1"
    "@fower/types" "^1.12.1"
    "@fower/utils" "^1.12.1"

fower-plugin-list@^1.12.1:
  version "1.12.1"
  resolved "https://registry.yarnpkg.com/fower-plugin-list/-/fower-plugin-list-1.12.1.tgz#100fd16fa57fdc020ca0e97d37143828d9a094fd"
  integrity sha512-NLSmYi2i1bCrqs89hu4B2u/K+8OeCZ5nWmtFGLXoQ1KcKyYwAaxeaGcznL28mncyYWwguq0hmIdZqNQjxoKNlg==
  dependencies:
    "@fower/atom" "^1.12.1"
    "@fower/types" "^1.12.1"
    "@fower/utils" "^1.12.1"

fower-plugin-margin@^1.12.1:
  version "1.12.1"
  resolved "https://registry.yarnpkg.com/fower-plugin-margin/-/fower-plugin-margin-1.12.1.tgz#ac86931c66dd309099dd677c00c7f2a7d16db4ec"
  integrity sha512-/OvHnR4Gg5AX6M48rbrN3NXvH6yW7FMw+mopsf740aQ9p12YjtVpS5SWoYLJ2TKVA39L9IUqQZv7UmUbnTJInw==
  dependencies:
    "@fower/atom" "^1.12.1"
    "@fower/core" "^1.12.1"
    "@fower/types" "^1.12.1"
    "@fower/utils" "^1.12.1"

fower-plugin-opacity@^1.12.1:
  version "1.12.1"
  resolved "https://registry.yarnpkg.com/fower-plugin-opacity/-/fower-plugin-opacity-1.12.1.tgz#df875565814c8ec2c7daf439588fed1c68420ed0"
  integrity sha512-E8DwV1YHaBwqPbzqiI6xLeMInyKuaAnNRpfQ5H7AN+ve2QEk+FLbWBCCqK85YDF8oQf2VkaJr7hQEUoUErj4wQ==
  dependencies:
    "@fower/atom" "^1.12.1"
    "@fower/types" "^1.12.1"
    "@fower/utils" "^1.12.1"

fower-plugin-outline@^1.12.1:
  version "1.12.1"
  resolved "https://registry.yarnpkg.com/fower-plugin-outline/-/fower-plugin-outline-1.12.1.tgz#8a91883d8d0ab3ddb1d9b2229210a1122f346aa5"
  integrity sha512-JsjtdzpTTp7TeuqEc1N2spriSzCna3ubh9zB39B5S9Tpqlur/4QYQKpc1ooEai7JoL8olbKvy+ycNSPXzETkSg==
  dependencies:
    "@fower/atom" "^1.12.1"
    "@fower/core" "^1.12.1"
    "@fower/parser" "^1.12.1"
    "@fower/types" "^1.12.1"
    "@fower/utils" "^1.12.1"

fower-plugin-overflow@^1.12.1:
  version "1.12.1"
  resolved "https://registry.yarnpkg.com/fower-plugin-overflow/-/fower-plugin-overflow-1.12.1.tgz#c7a81c58bb59cb9b0a446597602647dd598d836e"
  integrity sha512-r7sRAbKJrJNsGm7VIIFZn8DsadhUWemGB6/xdGZLReN5QVljYMLaIK7SSzpK7hGwL06XQTLR2t2+H5f5Iz892g==
  dependencies:
    "@fower/atom" "^1.12.1"
    "@fower/types" "^1.12.1"
    "@fower/utils" "^1.12.1"

fower-plugin-padding@^1.12.1:
  version "1.12.1"
  resolved "https://registry.yarnpkg.com/fower-plugin-padding/-/fower-plugin-padding-1.12.1.tgz#b0115733a07f55d3fe53998e3ea0eab8a09dd0ed"
  integrity sha512-Y3lxQkJ71kEEamwhj213nwa3p5YCjJK9SDXxg9EpM1YeTJ8R8SM++DiLlxdYn+A/8AMdE45E+yulNmqJdC3tvw==
  dependencies:
    "@fower/atom" "^1.12.1"
    "@fower/core" "^1.12.1"
    "@fower/types" "^1.12.1"
    "@fower/utils" "^1.12.1"

fower-plugin-position@^1.12.1:
  version "1.12.1"
  resolved "https://registry.yarnpkg.com/fower-plugin-position/-/fower-plugin-position-1.12.1.tgz#fca6924f56c7e6c848bf51c7fd745cf0c7b9b783"
  integrity sha512-b/4764FmMg5XvAxTuhdxGCbPMLiaNcaEXLXvSg/srqARhuX/IyJM5q+M5ILUlACjZmptgaIFTR/xV3gOIsC8Iw==
  dependencies:
    "@fower/atom" "^1.12.1"
    "@fower/core" "^1.12.1"
    "@fower/types" "^1.12.1"
    "@fower/utils" "^1.12.1"

fower-plugin-rounded@^1.12.1:
  version "1.12.1"
  resolved "https://registry.yarnpkg.com/fower-plugin-rounded/-/fower-plugin-rounded-1.12.1.tgz#186ddee00d2f81f55683a2a601344e7b5e3fa1c3"
  integrity sha512-/6CIXXjFXVraRjkBk84qzQfPk5ZHjGfESIqwKi0URPmkwL3F8vjN/kU1iBGB7vt6WVAEwPZOSw6E5FTJ0sm4LQ==
  dependencies:
    "@fower/atom" "^1.12.1"
    "@fower/core" "^1.12.1"
    "@fower/store" "^1.12.1"
    "@fower/types" "^1.12.1"
    "@fower/utils" "^1.12.1"

fower-plugin-shadow@^1.12.1:
  version "1.12.1"
  resolved "https://registry.yarnpkg.com/fower-plugin-shadow/-/fower-plugin-shadow-1.12.1.tgz#6cd95e47b5a277d8a448014c0ff4dc1762d8fa5b"
  integrity sha512-TC4+3he3P2HLIsgUaISdPPsN9WjdhyleBZZ4jliMqIlWziCMMoxlSi80DVfM3bM7saQAwP3yLJu4oYrQZFG3mA==
  dependencies:
    "@fower/atom" "^1.12.1"
    "@fower/core" "^1.12.1"
    "@fower/store" "^1.12.1"
    "@fower/types" "^1.12.1"
    "@fower/utils" "^1.12.1"

fower-plugin-size@^1.12.1:
  version "1.12.1"
  resolved "https://registry.yarnpkg.com/fower-plugin-size/-/fower-plugin-size-1.12.1.tgz#2744d1b3db1fa7e1c1d6986a168617c32ec34848"
  integrity sha512-IhxX5z7EyEuLrDf28dt9U5XXhSU0ztzZghl7uhrkFhdHe+G0q2BEZAwYeUQvzBA28TDDKVph/r/9VLVotrxOKQ==
  dependencies:
    "@fower/atom" "^1.12.1"
    "@fower/core" "^1.12.1"
    "@fower/types" "^1.12.1"
    "@fower/utils" "^1.12.1"

fower-plugin-space@^1.12.1:
  version "1.12.1"
  resolved "https://registry.yarnpkg.com/fower-plugin-space/-/fower-plugin-space-1.12.1.tgz#1add1b4d379ba73319ef7efd1431422d5b8ce48a"
  integrity sha512-vKxSyH9E+mrgWwom/IahVI2muWCJ954v1PTa3fmWPabBJf0OIAxK+89T8x1uc3oWQ4+t6AW+x3AIY0ZxZvkf8Q==
  dependencies:
    "@fower/atom" "^1.12.1"
    "@fower/core" "^1.12.1"
    "@fower/parser" "^1.12.1"
    "@fower/types" "^1.12.1"
    "@fower/utils" "^1.12.1"

fower-plugin-text-align@^1.12.1:
  version "1.12.1"
  resolved "https://registry.yarnpkg.com/fower-plugin-text-align/-/fower-plugin-text-align-1.12.1.tgz#e99bfb502bb76d6f58845c36693426aa866c9152"
  integrity sha512-CaappP/+OvhZirluvcWvCbXbP1/yaVJX1eyVKbKUkyvxBmig2FggmxXnhy7TcpsiyrZe0ld9/elxyv4L/4EA8w==
  dependencies:
    "@fower/atom" "^1.12.1"
    "@fower/types" "^1.12.1"
    "@fower/utils" "^1.12.1"

fower-plugin-text-decoration@^1.12.1:
  version "1.12.1"
  resolved "https://registry.yarnpkg.com/fower-plugin-text-decoration/-/fower-plugin-text-decoration-1.12.1.tgz#818808602602aa77a8c0caedee1eddc9bcf33ce8"
  integrity sha512-DaAU+tRaz0Gq4c07OSK3bsKo1VqWhjP80gL0z1VCa/IwpxfJQfmh0IySGr5cxfkkqlVWc4sNZJ9rri46eslJfA==
  dependencies:
    "@fower/atom" "^1.12.1"
    "@fower/types" "^1.12.1"
    "@fower/utils" "^1.12.1"

fower-plugin-text-overflow@^1.12.1:
  version "1.12.1"
  resolved "https://registry.yarnpkg.com/fower-plugin-text-overflow/-/fower-plugin-text-overflow-1.12.1.tgz#17d07383df700103527d6615a08d5f345b330e08"
  integrity sha512-RB0+4b7sA4soo4iT2N17CyBYbEs2YQWFobV63UfDisp36bPo0eFhfKoFGEpjzrOjWEov7ELPT69Z4ql55+hzsA==
  dependencies:
    "@fower/atom" "^1.12.1"
    "@fower/types" "^1.12.1"
    "@fower/utils" "^1.12.1"

fower-plugin-text-size@^1.12.1:
  version "1.12.1"
  resolved "https://registry.yarnpkg.com/fower-plugin-text-size/-/fower-plugin-text-size-1.12.1.tgz#f47012e83739c23b16f608e7dc0723f23bb04403"
  integrity sha512-6kZc8fv/RuApYUulbKvJZMDlvllhV8Z8K3xaiTxMu/h0bNZGuv5/XX28V2JwXOaaR2akh9swJF7wFnJ4spwa0A==
  dependencies:
    "@fower/atom" "^1.12.1"
    "@fower/core" "^1.12.1"
    "@fower/store" "^1.12.1"
    "@fower/types" "^1.12.1"
    "@fower/utils" "^1.12.1"

fower-plugin-text-transform@^1.12.1:
  version "1.12.1"
  resolved "https://registry.yarnpkg.com/fower-plugin-text-transform/-/fower-plugin-text-transform-1.12.1.tgz#f750b25f0c38687449c3cb0bda3de466d4ba1fca"
  integrity sha512-sYehQY7xKIlC+gy0ZPA72AJUczQ51lnZZL2hF0dwA1ild7VNlj48HfN3V+BZOnddZwZx2+MYA6eheLi7klMQmQ==
  dependencies:
    "@fower/atom" "^1.12.1"
    "@fower/types" "^1.12.1"
    "@fower/utils" "^1.12.1"

fower-plugin-user-select@^1.12.1:
  version "1.12.1"
  resolved "https://registry.yarnpkg.com/fower-plugin-user-select/-/fower-plugin-user-select-1.12.1.tgz#81ea4797d50de15a4a1c5880bb8eb12a9daf1843"
  integrity sha512-mkY3Eq6JQVot3cvD9xW5zYKVuzUJPWO62WoJpp0FgI4KwoP55YhgiSnJTcMl/kip+Ad2rU9qQectHGJcO28bnA==
  dependencies:
    "@fower/atom" "^1.12.1"
    "@fower/parser" "^1.12.1"
    "@fower/types" "^1.12.1"
    "@fower/utils" "^1.12.1"

fower-plugin-visibility@^1.12.1:
  version "1.12.1"
  resolved "https://registry.yarnpkg.com/fower-plugin-visibility/-/fower-plugin-visibility-1.12.1.tgz#ad187a3377972976b541564da983decdc6fdc1e8"
  integrity sha512-6+xyt8OaNIGDB4hZGkz2PE0OzoNCpVZYQE5q6PLC2sXPcYnkGXCb/bKNVeOYnB9VLddGu7xy+j6sJyuRBTEbEQ==
  dependencies:
    "@fower/atom" "^1.12.1"
    "@fower/core" "^1.12.1"
    "@fower/parser" "^1.12.1"
    "@fower/types" "^1.12.1"
    "@fower/utils" "^1.12.1"
    csstype "^3.0.7"

fower-plugin-z-index@^1.12.1:
  version "1.12.1"
  resolved "https://registry.yarnpkg.com/fower-plugin-z-index/-/fower-plugin-z-index-1.12.1.tgz#ac48290bcb96bb003a553d9805104cea7adc39a2"
  integrity sha512-2bhQ0It9ZkRj8sVJeFsTCjZ3hKq90ykKBgY5Y5w2DXbXpYGUxTPndoqKdj/Blm/UGt8E23bc2sQGqEGDtSmS8g==
  dependencies:
    "@fower/atom" "^1.12.1"
    "@fower/types" "^1.12.1"
    "@fower/utils" "^1.12.1"

fsevents@~2.3.1:
  version "2.3.2"
  resolved "https://registry.yarnpkg.com/fsevents/-/fsevents-2.3.2.tgz#8a526f78b8fdf4623b709e0b975c52c24c02fd1a"
  integrity sha512-xiqMQR4xAeHTuB9uWm+fFRcIOgKBMiOBP+eXiyT7jsgVCq1bkVygt00oASowB7EdtpOHaaPgKt812P9ab+DDKA==

function-bind@^1.1.1:
  version "1.1.1"
  resolved "https://registry.yarnpkg.com/function-bind/-/function-bind-1.1.1.tgz#a56899d3ea3c9bab874bb9773b7c5ede92f4895d"
  integrity sha512-yIovAzMX49sF8Yl58fSCWJ5svSLuaibPxXQJFLmBObTuCr0Mf1KiPopGM9NiFjiYBCbfaa2Fh6breQ6ANVTI0A==

gensync@^1.0.0-beta.2:
  version "1.0.0-beta.2"
  resolved "https://registry.yarnpkg.com/gensync/-/gensync-1.0.0-beta.2.tgz#32a6ee76c3d7f52d46b2b1ae5d93fea8580a25e0"
  integrity sha512-3hN7NaskYvMDLQY55gnW3NQ+mesEAepTqlg+VEbj7zzqEMBVNhzcGYYeqFo/TlYz6eQiFcp1HcsCZO+nGgS8zg==

globals@^11.1.0:
  version "11.12.0"
  resolved "https://registry.yarnpkg.com/globals/-/globals-11.12.0.tgz#ab8795338868a0babd8525758018c2a7eb95c42e"
  integrity sha512-WOBp/EEGUiIsJSp7wcv/y6MO+lV9UoncWqxuFfm8eBwzWNgyfBd6Gz+IeKQ9jCmyhoH99g15M3T+QaVHFjizVA==

has-flag@^3.0.0:
  version "3.0.0"
  resolved "https://registry.yarnpkg.com/has-flag/-/has-flag-3.0.0.tgz#b5d454dc2199ae225699f3467e5a07f3b955bafd"
  integrity sha1-tdRU3CGZriJWmfNGfloH87lVuv0=

has@^1.0.3:
  version "1.0.3"
  resolved "https://registry.yarnpkg.com/has/-/has-1.0.3.tgz#722d7cbfc1f6aa8241f16dd814e011e1f41e8796"
  integrity sha512-f2dvO0VU6Oej7RkWJGrehjbzMAjFp5/VKPp5tTpWIV4JHHZK1/BxbFRtf/siA2SWTe09caDmVtYYzWEIbBS4zw==
  dependencies:
    function-bind "^1.1.1"

hoist-non-react-statics@^3.3.2:
  version "3.3.2"
  resolved "https://registry.yarnpkg.com/hoist-non-react-statics/-/hoist-non-react-statics-3.3.2.tgz#ece0acaf71d62c2969c2ec59feff42a4b1a85b45"
  integrity sha512-/gGivxi8JPKWNm/W0jSmzcMPpfpPLc3dY/6GxhX2hQ9iGj3aDfklV4ET7NjKpSinLpJ5vafa9iiGIEZg10SfBw==
  dependencies:
    react-is "^16.7.0"

is-core-module@^2.2.0:
  version "2.4.0"
  resolved "https://registry.yarnpkg.com/is-core-module/-/is-core-module-2.4.0.tgz#8e9fc8e15027b011418026e98f0e6f4d86305cc1"
  integrity sha512-6A2fkfq1rfeQZjxrZJGerpLCTHRNEBiSgnu0+obeJpEPZRUooHgsizvzv0ZjJwOz3iWIHdJtVWJ/tmPr3D21/A==
  dependencies:
    has "^1.0.3"

"js-tokens@^3.0.0 || ^4.0.0", js-tokens@^4.0.0:
  version "4.0.0"
  resolved "https://registry.yarnpkg.com/js-tokens/-/js-tokens-4.0.0.tgz#19203fb59991df98e3a287050d4647cdeaf32499"
  integrity sha512-RdJUflcE3cUzKiMqQgsCu06FPu9UdIJO0beYbPhHN4k6apgJtifcoCtT9bcxOpYBtpD2kCM6Sbzg4CausW/PKQ==

jsesc@^2.5.1:
  version "2.5.2"
  resolved "https://registry.yarnpkg.com/jsesc/-/jsesc-2.5.2.tgz#80564d2e483dacf6e8ef209650a67df3f0c283a4"
  integrity sha512-OYu7XEzjkCQ3C5Ps3QIZsQfNpqoJyZZA99wd9aWd05NCtC5pWOkShK2mkL6HXQR6/Cy2lbNdPlZBpuQHXE63gA==

json5@^2.1.2:
  version "2.2.0"
  resolved "https://registry.yarnpkg.com/json5/-/json5-2.2.0.tgz#2dfefe720c6ba525d9ebd909950f0515316c89a3"
  integrity sha512-f+8cldu7X/y7RAJurMEJmdoKXGB/X550w2Nr3tTbezL6RwEE/iMcm+tZnXeoZtKuOq6ft8+CqzEkrIgx1fPoQA==
  dependencies:
    minimist "^1.2.5"

loose-envify@^1.1.0:
  version "1.4.0"
  resolved "https://registry.yarnpkg.com/loose-envify/-/loose-envify-1.4.0.tgz#71ee51fa7be4caec1a63839f7e682d8132d30caf"
  integrity sha512-lyuxPGr/Wfhrlem2CL/UcnUc1zcqKAImBDzukY7Y5F/yQiNdko6+fRLevlw1HgMySw7f611UIY408EtxRSoK3Q==
  dependencies:
    js-tokens "^3.0.0 || ^4.0.0"

minimist@^1.2.5:
  version "1.2.5"
  resolved "https://registry.yarnpkg.com/minimist/-/minimist-1.2.5.tgz#67d66014b66a6a8aaa0c083c5fd58df4e4e97602"
  integrity sha512-FM9nNUYrRBAELZQT3xeZQ7fmMOBg6nWNmJKTcgsJeaLstP/UODVpGsr5OhXhhXg6f+qtJ8uiZ+PUxkDWcgIXLw==

ms@2.1.2:
  version "2.1.2"
  resolved "https://registry.yarnpkg.com/ms/-/ms-2.1.2.tgz#d09d1f357b443f493382a8eb3ccd183872ae6009"
  integrity sha512-sGkPx+VjMtmA6MX27oA4FBFELFCZZ4S4XqeGOXCv68tT+jb3vk/RyaKWP0PTKyWtmLSM0b+adUTEvbs1PEaH2w==

nanoid@^3.1.23:
  version "3.1.23"
  resolved "https://registry.yarnpkg.com/nanoid/-/nanoid-3.1.23.tgz#f744086ce7c2bc47ee0a8472574d5c78e4183a81"
  integrity sha512-FiB0kzdP0FFVGDKlRLEQ1BgDzU87dy5NnzjeW9YZNt+/c3+q82EQDUwniSAUxp/F0gFNI1ZhKU1FqYsMuqZVnw==

node-releases@^1.1.71:
  version "1.1.71"
  resolved "https://registry.yarnpkg.com/node-releases/-/node-releases-1.1.71.tgz#cb1334b179896b1c89ecfdd4b725fb7bbdfc7dbb"
  integrity sha512-zR6HoT6LrLCRBwukmrVbHv0EpEQjksO6GmFcZQQuCAy139BEsoVKPYnf3jongYW83fAa1torLGYwxxky/p28sg==

object-assign@^4.1.1:
  version "4.1.1"
  resolved "https://registry.yarnpkg.com/object-assign/-/object-assign-4.1.1.tgz#2109adc7965887cfc05cbbd442cac8bfbb360863"
  integrity sha1-IQmtx5ZYh8/AXLvUQsrIv7s2CGM=

path-parse@^1.0.6:
  version "1.0.6"
  resolved "https://registry.yarnpkg.com/path-parse/-/path-parse-1.0.6.tgz#d62dbb5679405d72c4737ec58600e9ddcf06d24c"
  integrity sha512-GSmOT2EbHrINBf9SR7CDELwlJ8AENk3Qn7OikK4nFYAu3Ote2+JYNVvkpAEQm3/TLNEJFD/xZJjzyxg3KBWOzw==

postcss@^8.2.10:
  version "8.2.15"
  resolved "https://registry.yarnpkg.com/postcss/-/postcss-8.2.15.tgz#9e66ccf07292817d226fc315cbbf9bc148fbca65"
  integrity sha512-2zO3b26eJD/8rb106Qu2o7Qgg52ND5HPjcyQiK2B98O388h43A448LCslC0dI2P97wCAQRJsFvwTRcXxTKds+Q==
  dependencies:
    colorette "^1.2.2"
    nanoid "^3.1.23"
    source-map "^0.6.1"

react-dom@^17.0.0:
  version "17.0.2"
  resolved "https://registry.yarnpkg.com/react-dom/-/react-dom-17.0.2.tgz#ecffb6845e3ad8dbfcdc498f0d0a939736502c23"
  integrity sha512-s4h96KtLDUQlsENhMn1ar8t2bEa+q/YAtj8pPPdIjPDGBDIVNsrD9aXNWqspUe6AzKCIG0C1HZZLqLV7qpOBGA==
  dependencies:
    loose-envify "^1.1.0"
    object-assign "^4.1.1"
    scheduler "^0.20.2"

react-is@^16.7.0:
  version "16.13.1"
  resolved "https://registry.yarnpkg.com/react-is/-/react-is-16.13.1.tgz#789729a4dc36de2999dc156dd6c1d9c18cea56a4"
  integrity sha512-24e6ynE2H+OKt4kqsOvNd8kBpV65zoxbA4BVsEOB3ARVWQki/DHzaUoC5KuON/BiccDaCCTZBuOcfZs70kR8bQ==

react-refresh@^0.9.0:
  version "0.9.0"
  resolved "https://registry.yarnpkg.com/react-refresh/-/react-refresh-0.9.0.tgz#71863337adc3e5c2f8a6bfddd12ae3bfe32aafbf"
  integrity sha512-Gvzk7OZpiqKSkxsQvO/mbTN1poglhmAV7gR/DdIrRrSMXraRQQlfikRJOr3Nb9GTMPC5kof948Zy6jJZIFtDvQ==

react@^17.0.0:
  version "17.0.2"
  resolved "https://registry.yarnpkg.com/react/-/react-17.0.2.tgz#d0b5cc516d29eb3eee383f75b62864cfb6800037"
  integrity sha512-gnhPt75i/dq/z3/6q/0asP78D0u592D5L1pd7M8P+dck6Fu/jJeL6iVVK23fptSUZj8Vjf++7wXA8UNclGQcbA==
  dependencies:
    loose-envify "^1.1.0"
    object-assign "^4.1.1"

resolve@^1.19.0:
  version "1.20.0"
  resolved "https://registry.yarnpkg.com/resolve/-/resolve-1.20.0.tgz#629a013fb3f70755d6f0b7935cc1c2c5378b1975"
  integrity sha512-wENBPt4ySzg4ybFQW2TT1zMQucPK95HSh/nq2CFTZVOGut2+pQvSsgtda4d26YrYcr067wjbmzOG8byDPBX63A==
  dependencies:
    is-core-module "^2.2.0"
    path-parse "^1.0.6"

rollup@^2.38.5:
  version "2.47.0"
  resolved "https://registry.yarnpkg.com/rollup/-/rollup-2.47.0.tgz#9d958aeb2c0f6a383cacc0401dff02b6e252664d"
  integrity sha512-rqBjgq9hQfW0vRmz+0S062ORRNJXvwRpzxhFXORvar/maZqY6za3rgQ/p1Glg+j1hnc1GtYyQCPiAei95uTElg==
  optionalDependencies:
    fsevents "~2.3.1"

safe-buffer@~5.1.1:
  version "5.1.2"
  resolved "https://registry.yarnpkg.com/safe-buffer/-/safe-buffer-5.1.2.tgz#991ec69d296e0313747d59bdfd2b745c35f8828d"
  integrity sha512-Gd2UZBJDkXlY7GbJxfsE8/nvKkUEU1G38c1siN6QP6a9PT9MmHB8GnpscSmMJSoF8LOIrt8ud/wPtojys4G6+g==

scheduler@^0.20.2:
  version "0.20.2"
  resolved "https://registry.yarnpkg.com/scheduler/-/scheduler-0.20.2.tgz#4baee39436e34aa93b4874bddcbf0fe8b8b50e91"
  integrity sha512-2eWfGgAqqWFGqtdMmcL5zCMK1U8KlXv8SQFGglL3CEtd0aDVDWgeF/YoCmvln55m5zSk3J/20hTaSBeSObsQDQ==
  dependencies:
    loose-envify "^1.1.0"
    object-assign "^4.1.1"

semver@^6.3.0:
  version "6.3.0"
  resolved "https://registry.yarnpkg.com/semver/-/semver-6.3.0.tgz#ee0a64c8af5e8ceea67687b133761e1becbd1d3d"
  integrity sha512-b39TBaTSfV6yBrapU89p5fKekE2m/NwnDocOVruQFS1/veMgdzuPcnOM34M6CwxW8jH/lxEa5rBoDeUwu5HHTw==

source-map@^0.5.0:
  version "0.5.7"
  resolved "https://registry.yarnpkg.com/source-map/-/source-map-0.5.7.tgz#8a039d2d1021d22d1ea14c80d8ea468ba2ef3fcc"
  integrity sha1-igOdLRAh0i0eoUyA2OpGi6LvP8w=

source-map@^0.6.1:
  version "0.6.1"
  resolved "https://registry.yarnpkg.com/source-map/-/source-map-0.6.1.tgz#74722af32e9614e9c287a8d0bbde48b5e2f1a263"
  integrity sha512-UjgapumWlbMhkBgzT7Ykc5YXUT46F0iKu8SGXq0bcwP5dz/h0Plj6enJqjz1Zbq2l5WaqYnrVbwWOWMyF3F47g==

string-hash@^1.1.3:
  version "1.1.3"
  resolved "https://registry.yarnpkg.com/string-hash/-/string-hash-1.1.3.tgz#e8aafc0ac1855b4666929ed7dd1275df5d6c811b"
  integrity sha1-6Kr8CsGFW0Zmkp7X3RJ1311sgRs=

supports-color@^5.3.0:
  version "5.5.0"
  resolved "https://registry.yarnpkg.com/supports-color/-/supports-color-5.5.0.tgz#e2e69a44ac8772f78a1ec0b35b689df6530efc8f"
  integrity sha512-QjVjwdXIt408MIiAqCX4oUKsgU2EqAGzs2Ppkm4aQYbjm+ZEWEcW4SfFNTr4uMNZma0ey4f5lgLrkB0aX0QMow==
  dependencies:
    has-flag "^3.0.0"

to-fast-properties@^2.0.0:
  version "2.0.0"
  resolved "https://registry.yarnpkg.com/to-fast-properties/-/to-fast-properties-2.0.0.tgz#dc5e698cbd079265bc73e0377681a4e4e83f616e"
  integrity sha1-3F5pjL0HkmW8c+A3doGk5Og/YW4=

typescript@^4.1.2:
  version "4.2.4"
  resolved "https://registry.yarnpkg.com/typescript/-/typescript-4.2.4.tgz#8610b59747de028fda898a8aef0e103f156d0961"
  integrity sha512-V+evlYHZnQkaz8TRBuxTA92yZBPotr5H+WhQ7bD3hZUndx5tGOa1fuCgeSjxAzM1RiN5IzvadIXTVefuuwZCRg==

vite@^2.3.0:
  version "2.3.1"
  resolved "https://registry.yarnpkg.com/vite/-/vite-2.3.1.tgz#0786c2e097a744f122ae8c0319d0a6910b32d41c"
  integrity sha512-yvcLclv/G0syHL+bBtahdaymH0x6La8kbTlnAssRH+XFvDNb8VPRruHhILCCmZgtx6Zu/UKNFTQnQ4Gk/omyUA==
  dependencies:
    esbuild "^0.11.19"
    postcss "^8.2.10"
    resolve "^1.19.0"
    rollup "^2.38.5"
  optionalDependencies:
    fsevents "~2.3.1"
